
Microsoft Visual Studio Solution File, Format Version 12.00
# Visual Studio Version 17
VisualStudioVersion = 17.7.34031.279
MinimumVisualStudioVersion = 10.0.40219.1
Project("{FAE04EC0-301F-11D3-BF4B-00C04F79EFBC}") = "sans_CICD", "sans_CICD\sans_CICD.csproj", "{5BACD305-23A5-48CF-ACAC-6A1E002E1FBB}"
EndProject
Global
	GlobalSection(SolutionConfigurationPlatforms) = preSolution
		Debug|Any CPU = Debug|Any CPU
		Release|Any CPU = Release|Any CPU
	EndGlobalSection
	GlobalSection(ProjectConfigurationPlatforms) = postSolution
		{5BACD305-23A5-48CF-ACAC-6A1E002E1FBB}.Debug|Any CPU.ActiveCfg = Debug|Any CPU
		{5BACD305-23A5-48CF-ACAC-6A1E002E1FBB}.Debug|Any CPU.Build.0 = Debug|Any CPU
		{5BACD305-23A5-48CF-ACAC-6A1E002E1FBB}.Release|Any CPU.ActiveCfg = Release|Any CPU
		{5BACD305-23A5-48CF-ACAC-6A1E002E1FBB}.Release|Any CPU.Build.0 = Release|Any CPU
	EndGlobalSection
	GlobalSection(SolutionProperties) = preSolution
		HideSolutionNode = FALSE
	EndGlobalSection
	GlobalSection(ExtensibilityGlobals) = postSolution
		SolutionGuid = {C7F61395-9475-4B7D-B9C8-DC3D9754FA9F}
	EndGlobalSection
EndGlobal
